
Microsoft Visual Studio Solution File, Format Version 12.00
# Visual Studio 2012
Project("{FAE04EC0-301F-11D3-BF4B-00C04F79EFBC}") = "Timesheet", "Timesheet\Timesheet.csproj", "{F7E9E73D-44FA-43B5-972A-B5858044722B}"
EndProject
Project("{FAE04EC0-301F-11D3-BF4B-00C04F79EFBC}") = "Timesheet.Tests", "Timesheet.Tests\Timesheet.Tests.csproj", "{369FA6DA-0C27-4BB6-B541-21002C59E6B2}"
EndProject
Project("{FAE04EC0-301F-11D3-BF4B-00C04F79EFBC}") = "DataSource", "DataSource\DataSource.csproj", "{F993D7B9-151C-4EB5-B2D8-A1BCF14FA60C}"
EndProject
Project("{FAE04EC0-301F-11D3-BF4B-00C04F79EFBC}") = "Domain", "Domain\Domain.csproj", "{90E8FDA8-F9D3-4243-B8B8-BC273C49068C}"
EndProject
Global
	GlobalSection(SolutionConfigurationPlatforms) = preSolution
		Debug|Any CPU = Debug|Any CPU
		Release|Any CPU = Release|Any CPU
	EndGlobalSection
	GlobalSection(ProjectConfigurationPlatforms) = postSolution
		{F7E9E73D-44FA-43B5-972A-B5858044722B}.Debug|Any CPU.ActiveCfg = Debug|Any CPU
		{F7E9E73D-44FA-43B5-972A-B5858044722B}.Debug|Any CPU.Build.0 = Debug|Any CPU
		{F7E9E73D-44FA-43B5-972A-B5858044722B}.Release|Any CPU.ActiveCfg = Release|Any CPU
		{F7E9E73D-44FA-43B5-972A-B5858044722B}.Release|Any CPU.Build.0 = Release|Any CPU
		{369FA6DA-0C27-4BB6-B541-21002C59E6B2}.Debug|Any CPU.ActiveCfg = Debug|Any CPU
		{369FA6DA-0C27-4BB6-B541-21002C59E6B2}.Debug|Any CPU.Build.0 = Debug|Any CPU
		{369FA6DA-0C27-4BB6-B541-21002C59E6B2}.Release|Any CPU.ActiveCfg = Release|Any CPU
		{369FA6DA-0C27-4BB6-B541-21002C59E6B2}.Release|Any CPU.Build.0 = Release|Any CPU
		{F993D7B9-151C-4EB5-B2D8-A1BCF14FA60C}.Debug|Any CPU.ActiveCfg = Debug|Any CPU
		{F993D7B9-151C-4EB5-B2D8-A1BCF14FA60C}.Debug|Any CPU.Build.0 = Debug|Any CPU
		{F993D7B9-151C-4EB5-B2D8-A1BCF14FA60C}.Release|Any CPU.ActiveCfg = Release|Any CPU
		{F993D7B9-151C-4EB5-B2D8-A1BCF14FA60C}.Release|Any CPU.Build.0 = Release|Any CPU
		{90E8FDA8-F9D3-4243-B8B8-BC273C49068C}.Debug|Any CPU.ActiveCfg = Debug|Any CPU
		{90E8FDA8-F9D3-4243-B8B8-BC273C49068C}.Debug|Any CPU.Build.0 = Debug|Any CPU
		{90E8FDA8-F9D3-4243-B8B8-BC273C49068C}.Release|Any CPU.ActiveCfg = Release|Any CPU
		{90E8FDA8-F9D3-4243-B8B8-BC273C49068C}.Release|Any CPU.Build.0 = Release|Any CPU
	EndGlobalSection
	GlobalSection(SolutionProperties) = preSolution
		HideSolutionNode = FALSE
	EndGlobalSection
	GlobalSection(ExtensibilityGlobals) = postSolution
		EnterpriseLibraryConfigurationToolBinariesPath = packages\Unity.2.1.505.2\lib\NET35
	EndGlobalSection
EndGlobal
